// !$*UTF8*$!
{
	archiveVersion = 1;
	classes = {
	};
	objectVersion = 46;
	objects = {

/* Begin PBXBuildFile section */
		52E6FAC71D79658E00312280 /* AppDelegate.swift in Sources */ = {isa = PBXBuildFile; fileRef = 52E6FAC61D79658E00312280 /* AppDelegate.swift */; };
		52E6FAC91D79658E00312280 /* ViewController.swift in Sources */ = {isa = PBXBuildFile; fileRef = 52E6FAC81D79658E00312280 /* ViewController.swift */; };
		52E6FACC1D79658E00312280 /* Main.storyboard in Resources */ = {isa = PBXBuildFile; fileRef = 52E6FACA1D79658E00312280 /* Main.storyboard */; };
		52E6FACE1D79658E00312280 /* Assets.xcassets in Resources */ = {isa = PBXBuildFile; fileRef = 52E6FACD1D79658E00312280 /* Assets.xcassets */; };
		52E6FAD11D79658E00312280 /* LaunchScreen.storyboard in Resources */ = {isa = PBXBuildFile; fileRef = 52E6FACF1D79658E00312280 /* LaunchScreen.storyboard */; };
		52E6FADC1D79658E00312280 /* HelloSwiftTests.swift in Sources */ = {isa = PBXBuildFile; fileRef = 52E6FADB1D79658E00312280 /* HelloSwiftTests.swift */; };
		52E6FAE71D79658E00312280 /* HelloSwiftUITests.swift in Sources */ = {isa = PBXBuildFile; fileRef = 52E6FAE61D79658E00312280 /* HelloSwiftUITests.swift */; };
/* End PBXBuildFile section */

/* Begin PBXContainerItemProxy section */
		52E6FAD81D79658E00312280 /* PBXContainerItemProxy */ = {
			isa = PBXContainerItemProxy;
			containerPortal = 52E6FABB1D79658D00312280 /* Project object */;
			proxyType = 1;
			remoteGlobalIDString = 52E6FAC21D79658D00312280;
			remoteInfo = HelloSwift;
		};
		52E6FAE31D79658E00312280 /* PBXContainerItemProxy */ = {
			isa = PBXContainerItemProxy;
			containerPortal = 52E6FABB1D79658D00312280 /* Project object */;
			proxyType = 1;
			remoteGlobalIDString = 52E6FAC21D79658D00312280;
			remoteInfo = HelloSwift;
		};
/* End PBXContainerItemProxy section */

/* Begin PBXFileReference section */
		52E6FAC31D79658E00312280 /* HelloSwift.app */ = {isa = PBXFileReference; explicitFileType = wrapper.application; includeInIndex = 0; path = HelloSwift.app; sourceTree = BUILT_PRODUCTS_DIR; };
		52E6FAC61D79658E00312280 /* AppDelegate.swift */ = {isa = PBXFileReference; lastKnownFileType = sourcecode.swift; path = AppDelegate.swift; sourceTree = "<group>"; };
		52E6FAC81D79658E00312280 /* ViewController.swift */ = {isa = PBXFileReference; lastKnownFileType = sourcecode.swift; path = ViewController.swift; sourceTree = "<group>"; };
		52E6FACB1D79658E00312280 /* Base */ = {isa = PBXFileReference; lastKnownFileType = file.storyboard; name = Base; path = Base.lproj/Main.storyboard; sourceTree = "<group>"; };
		52E6FACD1D79658E00312280 /* Assets.xcassets */ = {isa = PBXFileReference; lastKnownFileType = folder.assetcatalog; path = Assets.xcassets; sourceTree = "<group>"; };
		52E6FAD01D79658E00312280 /* Base */ = {isa = PBXFileReference; lastKnownFileType = file.storyboard; name = Base; path = Base.lproj/LaunchScreen.storyboard; sourceTree = "<group>"; };
		52E6FAD21D79658E00312280 /* Info.plist */ = {isa = PBXFileReference; lastKnownFileType = text.plist.xml; path = Info.plist; sourceTree = "<group>"; };
		52E6FAD71D79658E00312280 /* HelloSwiftTests.xctest */ = {isa = PBXFileReference; explicitFileType = wrapper.cfbundle; includeInIndex = 0; path = HelloSwiftTests.xctest; sourceTree = BUILT_PRODUCTS_DIR; };
		52E6FADB1D79658E00312280 /* HelloSwiftTests.swift */ = {isa = PBXFileReference; lastKnownFileType = sourcecode.swift; path = HelloSwiftTests.swift; sourceTree = "<group>"; };
		52E6FADD1D79658E00312280 /* Info.plist */ = {isa = PBXFileReference; lastKnownFileType = text.plist.xml; path = Info.plist; sourceTree = "<group>"; };
		52E6FAE21D79658E00312280 /* HelloSwiftUITests.xctest */ = {isa = PBXFileReference; explicitFileType = wrapper.cfbundle; includeInIndex = 0; path = HelloSwiftUITests.xctest; sourceTree = BUILT_PRODUCTS_DIR; };
		52E6FAE61D79658E00312280 /* HelloSwiftUITests.swift */ = {isa = PBXFileReference; lastKnownFileType = sourcecode.swift; path = HelloSwiftUITests.swift; sourceTree = "<group>"; };
		52E6FAE81D79658E00312280 /* Info.plist */ = {isa = PBXFileReference; lastKnownFileType = text.plist.xml; path = Info.plist; sourceTree = "<group>"; };
/* End PBXFileReference section */

/* Begin PBXFrameworksBuildPhase section */
		52E6FAC01D79658D00312280 /* Frameworks */ = {
			isa = PBXFrameworksBuildPhase;
			buildActionMask = 2147483647;
			files = (
			);
			runOnlyForDeploymentPostprocessing = 0;
		};
		52E6FAD41D79658E00312280 /* Frameworks */ = {
			isa = PBXFrameworksBuildPhase;
			buildActionMask = 2147483647;
			files = (
			);
			runOnlyForDeploymentPostprocessing = 0;
		};
		52E6FADF1D79658E00312280 /* Frameworks */ = {
			isa = PBXFrameworksBuildPhase;
			buildActionMask = 2147483647;
			files = (
			);
			runOnlyForDeploymentPostprocessing = 0;
		};
/* End PBXFrameworksBuildPhase section */

/* Begin PBXGroup section */
		52E6FABA1D79658D00312280 = {
			isa = PBXGroup;
			children = (
				52E6FAC51D79658E00312280 /* HelloSwift */,
				52E6FADA1D79658E00312280 /* HelloSwiftTests */,
				52E6FAE51D79658E00312280 /* HelloSwiftUITests */,
				52E6FAC41D79658E00312280 /* Products */,
			);
			sourceTree = "<group>";
		};
		52E6FAC41D79658E00312280 /* Products */ = {
			isa = PBXGroup;
			children = (
				52E6FAC31D79658E00312280 /* HelloSwift.app */,
				52E6FAD71D79658E00312280 /* HelloSwiftTests.xctest */,
				52E6FAE21D79658E00312280 /* HelloSwiftUITests.xctest */,
			);
			name = Products;
			sourceTree = "<group>";
		};
		52E6FAC51D79658E00312280 /* HelloSwift */ = {
			isa = PBXGroup;
			children = (
				52E6FAC61D79658E00312280 /* AppDelegate.swift */,
				52E6FAC81D79658E00312280 /* ViewController.swift */,
				52E6FACA1D79658E00312280 /* Main.storyboard */,
				52E6FACD1D79658E00312280 /* Assets.xcassets */,
				52E6FACF1D79658E00312280 /* LaunchScreen.storyboard */,
				52E6FAD21D79658E00312280 /* Info.plist */,
			);
			path = HelloSwift;
			sourceTree = "<group>";
		};
		52E6FADA1D79658E00312280 /* HelloSwiftTests */ = {
			isa = PBXGroup;
			children = (
				52E6FADB1D79658E00312280 /* HelloSwiftTests.swift */,
				52E6FADD1D79658E00312280 /* Info.plist */,
			);
			path = HelloSwiftTests;
			sourceTree = "<group>";
		};
		52E6FAE51D79658E00312280 /* HelloSwiftUITests */ = {
			isa = PBXGroup;
			children = (
				52E6FAE61D79658E00312280 /* HelloSwiftUITests.swift */,
				52E6FAE81D79658E00312280 /* Info.plist */,
			);
			path = HelloSwiftUITests;
			sourceTree = "<group>";
		};
/* End PBXGroup section */

/* Begin PBXNativeTarget section */
		52E6FAC21D79658D00312280 /* HelloSwift */ = {
			isa = PBXNativeTarget;
			buildConfigurationList = 52E6FAEB1D79658E00312280 /* Build configuration list for PBXNativeTarget "HelloSwift" */;
			buildPhases = (
				52E6FABF1D79658D00312280 /* Sources */,
				52E6FAC01D79658D00312280 /* Frameworks */,
				52E6FAC11D79658D00312280 /* Resources */,
			);
			buildRules = (
			);
			dependencies = (
			);
			name = HelloSwift;
			productName = HelloSwift;
			productReference = 52E6FAC31D79658E00312280 /* HelloSwift.app */;
			productType = "com.apple.product-type.application";
		};
		52E6FAD61D79658E00312280 /* HelloSwiftTests */ = {
			isa = PBXNativeTarget;
			buildConfigurationList = 52E6FAEE1D79658E00312280 /* Build configuration list for PBXNativeTarget "HelloSwiftTests" */;
			buildPhases = (
				52E6FAD31D79658E00312280 /* Sources */,
				52E6FAD41D79658E00312280 /* Frameworks */,
				52E6FAD51D79658E00312280 /* Resources */,
			);
			buildRules = (
			);
			dependencies = (
				52E6FAD91D79658E00312280 /* PBXTargetDependency */,
			);
			name = HelloSwiftTests;
			productName = HelloSwiftTests;
			productReference = 52E6FAD71D79658E00312280 /* HelloSwiftTests.xctest */;
			productType = "com.apple.product-type.bundle.unit-test";
		};
		52E6FAE11D79658E00312280 /* HelloSwiftUITests */ = {
			isa = PBXNativeTarget;
			buildConfigurationList = 52E6FAF11D79658E00312280 /* Build configuration list for PBXNativeTarget "HelloSwiftUITests" */;
			buildPhases = (
				52E6FADE1D79658E00312280 /* Sources */,
				52E6FADF1D79658E00312280 /* Frameworks */,
				52E6FAE01D79658E00312280 /* Resources */,
			);
			buildRules = (
			);
			dependencies = (
				52E6FAE41D79658E00312280 /* PBXTargetDependency */,
			);
			name = HelloSwiftUITests;
			productName = HelloSwiftUITests;
			productReference = 52E6FAE21D79658E00312280 /* HelloSwiftUITests.xctest */;
			productType = "com.apple.product-type.bundle.ui-testing";
		};
/* End PBXNativeTarget section */

/* Begin PBXProject section */
		52E6FABB1D79658D00312280 /* Project object */ = {
			isa = PBXProject;
			attributes = {
				LastSwiftUpdateCheck = 0730;
				LastUpgradeCheck = 0730;
				ORGANIZATIONNAME = com.NeoRays;
				TargetAttributes = {
					52E6FAC21D79658D00312280 = {
						CreatedOnToolsVersion = 7.3;
					};
					52E6FAD61D79658E00312280 = {
						CreatedOnToolsVersion = 7.3;
						TestTargetID = 52E6FAC21D79658D00312280;
					};
					52E6FAE11D79658E00312280 = {
						CreatedOnToolsVersion = 7.3;
						TestTargetID = 52E6FAC21D79658D00312280;
					};
				};
			};
			buildConfigurationList = 52E6FABE1D79658D00312280 /* Build configuration list for PBXProject "HelloSwift" */;
			compatibilityVersion = "Xcode 3.2";
			developmentRegion = English;
			hasScannedForEncodings = 0;
			knownRegions = (
				en,
				Base,
			);
			mainGroup = 52E6FABA1D79658D00312280;
			productRefGroup = 52E6FAC41D79658E00312280 /* Products */;
			projectDirPath = "";
			projectRoot = "";
			targets = (
				52E6FAC21D79658D00312280 /* HelloSwift */,
				52E6FAD61D79658E00312280 /* HelloSwiftTests */,
				52E6FAE11D79658E00312280 /* HelloSwiftUITests */,
			);
		};
/* End PBXProject section */

/* Begin PBXResourcesBuildPhase section */
		52E6FAC11D79658D00312280 /* Resources */ = {
			isa = PBXResourcesBuildPhase;
			buildActionMask = 2147483647;
			files = (
				52E6FAD11D79658E00312280 /* LaunchScreen.storyboard in Resources */,
				52E6FACE1D79658E00312280 /* Assets.xcassets in Resources */,
				52E6FACC1D79658E00312280 /* Main.storyboard in Resources */,
			);
			runOnlyForDeploymentPostprocessing = 0;
		};
		52E6FAD51D79658E00312280 /* Resources */ = {
			isa = PBXResourcesBuildPhase;
			buildActionMask = 2147483647;
			files = (
			);
			runOnlyForDeploymentPostprocessing = 0;
		};
		52E6FAE01D79658E00312280 /* Resources */ = {
			isa = PBXResourcesBuildPhase;
			buildActionMask = 2147483647;
			files = (
			);
			runOnlyForDeploymentPostprocessing = 0;
		};
/* End PBXResourcesBuildPhase section */

/* Begin PBXSourcesBuildPhase section */
		52E6FABF1D79658D00312280 /* Sources */ = {
			isa = PBXSourcesBuildPhase;
			buildActionMask = 2147483647;
			files = (
				52E6FAC91D79658E00312280 /* ViewController.swift in Sources */,
				52E6FAC71D79658E00312280 /* AppDelegate.swift in Sources */,
			);
			runOnlyForDeploymentPostprocessing = 0;
		};
		52E6FAD31D79658E00312280 /* Sources */ = {
			isa = PBXSourcesBuildPhase;
			buildActionMask = 2147483647;
			files = (
				52E6FADC1D79658E00312280 /* HelloSwiftTests.swift in Sources */,
			);
			runOnlyForDeploymentPostprocessing = 0;
		};
		52E6FADE1D79658E00312280 /* Sources */ = {
			isa = PBXSourcesBuildPhase;
			buildActionMask = 2147483647;
			files = (
				52E6FAE71D79658E00312280 /* HelloSwiftUITests.swift in Sources */,
			);
			runOnlyForDeploymentPostprocessing = 0;
		};
/* End PBXSourcesBuildPhase section */

/* Begin PBXTargetDependency section */
		52E6FAD91D79658E00312280 /* PBXTargetDependency */ = {
			isa = PBXTargetDependency;
			target = 52E6FAC21D79658D00312280 /* HelloSwift */;
			targetProxy = 52E6FAD81D79658E00312280 /* PBXContainerItemProxy */;
		};
		52E6FAE41D79658E00312280 /* PBXTargetDependency */ = {
			isa = PBXTargetDependency;
			target = 52E6FAC21D79658D00312280 /* HelloSwift */;
			targetProxy = 52E6FAE31D79658E00312280 /* PBXContainerItemProxy */;
		};
/* End PBXTargetDependency section */

/* Begin PBXVariantGroup section */
		52E6FACA1D79658E00312280 /* Main.storyboard */ = {
			isa = PBXVariantGroup;
			children = (
				52E6FACB1D79658E00312280 /* Base */,
			);
			name = Main.storyboard;
			sourceTree = "<group>";
		};
		52E6FACF1D79658E00312280 /* LaunchScreen.storyboard */ = {
			isa = PBXVariantGroup;
			children = (
				52E6FAD01D79658E00312280 /* Base */,
			);
			name = LaunchScreen.storyboard;
			sourceTree = "<group>";
		};
/* End PBXVariantGroup section */

/* Begin XCBuildConfiguration section */
		52E6FAE91D79658E00312280 /* Debug */ = {
			isa = XCBuildConfiguration;
			buildSettings = {
				ALWAYS_SEARCH_USER_PATHS = NO;
				CLANG_ANALYZER_NONNULL = YES;
				CLANG_CXX_LANGUAGE_STANDARD = "gnu++0x";
				CLANG_CXX_LIBRARY = "libc++";
				CLANG_ENABLE_MODULES = YES;
				CLANG_ENABLE_OBJC_ARC = YES;
				CLANG_WARN_BOOL_CONVERSION = YES;
				CLANG_WARN_CONSTANT_CONVERSION = YES;
				CLANG_WARN_DIRECT_OBJC_ISA_USAGE = YES_ERROR;
				CLANG_WARN_EMPTY_BODY = YES;
				CLANG_WARN_ENUM_CONVERSION = YES;
				CLANG_WARN_INT_CONVERSION = YES;
				CLANG_WARN_OBJC_ROOT_CLASS = YES_ERROR;
				CLANG_WARN_UNREACHABLE_CODE = YES;
				CLANG_WARN__DUPLICATE_METHOD_MATCH = YES;
				"CODE_SIGN_IDENTITY[sdk=iphoneos*]" = "iPhone Developer";
				COPY_PHASE_STRIP = NO;
				DEBUG_INFORMATION_FORMAT = dwarf;
				ENABLE_STRICT_OBJC_MSGSEND = YES;
				ENABLE_TESTABILITY = YES;
				GCC_C_LANGUAGE_STANDARD = gnu99;
				GCC_DYNAMIC_NO_PIC = NO;
				GCC_NO_COMMON_BLOCKS = YES;
				GCC_OPTIMIZATION_LEVEL = 0;
				GCC_PREPROCESSOR_DEFINITIONS = (
					"DEBUG=1",
					"$(inherited)",
				);
				GCC_WARN_64_TO_32_BIT_CONVERSION = YES;
				GCC_WARN_ABOUT_RETURN_TYPE = YES_ERROR;
				GCC_WARN_UNDECLARED_SELECTOR = YES;
				GCC_WARN_UNINITIALIZED_AUTOS = YES_AGGRESSIVE;
				GCC_WARN_UNUSED_FUNCTION = YES;
				GCC_WARN_UNUSED_VARIABLE = YES;
				IPHONEOS_DEPLOYMENT_TARGET = 9.3;
				MTL_ENABLE_DEBUG_INFO = YES;
				ONLY_ACTIVE_ARCH = YES;
				SDKROOT = iphoneos;
				SWIFT_OPTIMIZATION_LEVEL = "-Onone";
				TARGETED_DEVICE_FAMILY = "1,2";
			};
			name = Debug;
		};
		52E6FAEA1D79658E00312280 /* Release */ = {
			isa = XCBuildConfiguration;
			buildSettings = {
				ALWAYS_SEARCH_USER_PATHS = NO;
				CLANG_ANALYZER_NONNULL = YES;
				CLANG_CXX_LANGUAGE_STANDARD = "gnu++0x";
				CLANG_CXX_LIBRARY = "libc++";
				CLANG_ENABLE_MODULES = YES;
				CLANG_ENABLE_OBJC_ARC = YES;
				CLANG_WARN_BOOL_CONVERSION = YES;
				CLANG_WARN_CONSTANT_CONVERSION = YES;
				CLANG_WARN_DIRECT_OBJC_ISA_USAGE = YES_ERROR;
				CLANG_WARN_EMPTY_BODY = YES;
				CLANG_WARN_ENUM_CONVERSION = YES;
				CLANG_WARN_INT_CONVERSION = YES;
				CLANG_WARN_OBJC_ROOT_CLASS = YES_ERROR;
				CLANG_WARN_UNREACHABLE_CODE = YES;
				CLANG_WARN__DUPLICATE_METHOD_MATCH = YES;
				"CODE_SIGN_IDENTITY[sdk=iphoneos*]" = "iPhone Developer";
				COPY_PHASE_STRIP = NO;
				DEBUG_INFORMATION_FORMAT = "dwarf-with-dsym";
				ENABLE_NS_ASSERTIONS = NO;
				ENABLE_STRICT_OBJC_MSGSEND = YES;
				GCC_C_LANGUAGE_STANDARD = gnu99;
				GCC_NO_COMMON_BLOCKS = YES;
				GCC_WARN_64_TO_32_BIT_CONVERSION = YES;
				GCC_WARN_ABOUT_RETURN_TYPE = YES_ERROR;
				GCC_WARN_UNDECLARED_SELECTOR = YES;
				GCC_WARN_UNINITIALIZED_AUTOS = YES_AGGRESSIVE;
				GCC_WARN_UNUSED_FUNCTION = YES;
				GCC_WARN_UNUSED_VARIABLE = YES;
				IPHONEOS_DEPLOYMENT_TARGET = 9.3;
				MTL_ENABLE_DEBUG_INFO = NO;
				SDKROOT = iphoneos;
				TARGETED_DEVICE_FAMILY = "1,2";
				VALIDATE_PRODUCT = YES;
			};
			name = Release;
		};
		52E6FAEC1D79658E00312280 /* Debug */ = {
			isa = XCBuildConfiguration;
			buildSettings = {
				ASSETCATALOG_COMPILER_APPICON_NAME = AppIcon;
				INFOPLIST_FILE = HelloSwift/Info.plist;
				LD_RUNPATH_SEARCH_PATHS = "$(inherited) @executable_path/Frameworks";
				PRODUCT_BUNDLE_IDENTIFIER = Mahaboob.HelloSwift;
				PRODUCT_NAME = "$(TARGET_NAME)";
			};
			name = Debug;
		};
		52E6FAED1D79658E00312280 /* Release */ = {
			isa = XCBuildConfiguration;
			buildSettings = {
				ASSETCATALOG_COMPILER_APPICON_NAME = AppIcon;
				INFOPLIST_FILE = HelloSwift/Info.plist;
				LD_RUNPATH_SEARCH_PATHS = "$(inherited) @executable_path/Frameworks";
				PRODUCT_BUNDLE_IDENTIFIER = Mahaboob.HelloSwift;
				PRODUCT_NAME = "$(TARGET_NAME)";
			};
			name = Release;
		};
		52E6FAEF1D79658E00312280 /* Debug */ = {
			isa = XCBuildConfiguration;
			buildSettings = {
				BUNDLE_LOADER = "$(TEST_HOST)";
				INFOPLIST_FILE = HelloSwiftTests/Info.plist;
				LD_RUNPATH_SEARCH_PATHS = "$(inherited) @executable_path/Frameworks @loader_path/Frameworks";
				PRODUCT_BUNDLE_IDENTIFIER = Mahaboob.HelloSwiftTests;
				PRODUCT_NAME = "$(TARGET_NAME)";
				TEST_HOST = "$(BUILT_PRODUCTS_DIR)/HelloSwift.app/HelloSwift";
			};
			name = Debug;
		};
		52E6FAF01D79658E00312280 /* Release */ = {
			isa = XCBuildConfiguration;
			buildSettings = {
				BUNDLE_LOADER = "$(TEST_HOST)";
				INFOPLIST_FILE = HelloSwiftTests/Info.plist;
				LD_RUNPATH_SEARCH_PATHS = "$(inherited) @executable_path/Frameworks @loader_path/Frameworks";
				PRODUCT_BUNDLE_IDENTIFIER = Mahaboob.HelloSwiftTests;
				PRODUCT_NAME = "$(TARGET_NAME)";
				TEST_HOST = "$(BUILT_PRODUCTS_DIR)/HelloSwift.app/HelloSwift";
			};
			name = Release;
		};
		52E6FAF21D79658E00312280 /* Debug */ = {
			isa = XCBuildConfiguration;
			buildSettings = {
				INFOPLIST_FILE = HelloSwiftUITests/Info.plist;
				LD_RUNPATH_SEARCH_PATHS = "$(inherited) @executable_path/Frameworks @loader_path/Frameworks";
				PRODUCT_BUNDLE_IDENTIFIER = Mahaboob.HelloSwiftUITests;
				PRODUCT_NAME = "$(TARGET_NAME)";
				TEST_TARGET_NAME = HelloSwift;
			};
			name = Debug;
		};
		52E6FAF31D79658E00312280 /* Release */ = {
			isa = XCBuildConfiguration;
			buildSettings = {
				INFOPLIST_FILE = HelloSwiftUITests/Info.plist;
				LD_RUNPATH_SEARCH_PATHS = "$(inherited) @executable_path/Frameworks @loader_path/Frameworks";
				PRODUCT_BUNDLE_IDENTIFIER = Mahaboob.HelloSwiftUITests;
				PRODUCT_NAME = "$(TARGET_NAME)";
				TEST_TARGET_NAME = HelloSwift;
			};
			name = Release;
		};
/* End XCBuildConfiguration section */

/* Begin XCConfigurationList section */
		52E6FABE1D79658D00312280 /* Build configuration list for PBXProject "HelloSwift" */ = {
			isa = XCConfigurationList;
			buildConfigurations = (
				52E6FAE91D79658E00312280 /* Debug */,
				52E6FAEA1D79658E00312280 /* Release */,
			);
			defaultConfigurationIsVisible = 0;
			defaultConfigurationName = Release;
		};
		52E6FAEB1D79658E00312280 /* Build configuration list for PBXNativeTarget "HelloSwift" */ = {
			isa = XCConfigurationList;
			buildConfigurations = (
				52E6FAEC1D79658E00312280 /* Debug */,
				52E6FAED1D79658E00312280 /* Release */,
			);
			defaultConfigurationIsVisible = 0;
		};
		52E6FAEE1D79658E00312280 /* Build configuration list for PBXNativeTarget "HelloSwiftTests" */ = {
			isa = XCConfigurationList;
			buildConfigurations = (
				52E6FAEF1D79658E00312280 /* Debug */,
				52E6FAF01D79658E00312280 /* Release */,
			);
			defaultConfigurationIsVisible = 0;
		};
		52E6FAF11D79658E00312280 /* Build configuration list for PBXNativeTarget "HelloSwiftUITests" */ = {
			isa = XCConfigurationList;
			buildConfigurations = (
				52E6FAF21D79658E00312280 /* Debug */,
				52E6FAF31D79658E00312280 /* Release */,
			);
			defaultConfigurationIsVisible = 0;
		};
/* End XCConfigurationList section */
	};
	rootObject = 52E6FABB1D79658D00312280 /* Project object */;
}
